
Microsoft Visual Studio Solution File, Format Version 12.00
# Visual Studio Version 16
VisualStudioVersion = 16.0.30804.86
MinimumVisualStudioVersion = 10.0.40219.1
Project("{FAE04EC0-301F-11D3-BF4B-00C04F79EFBC}") = "PI", "PI\PI.csproj", "{5CC97FC9-565B-4378-808A-595A4EE0C74A}"
EndProject
Global
	GlobalSection(SolutionConfigurationPlatforms) = preSolution
		Debug|Any CPU = Debug|Any CPU
		Release|Any CPU = Release|Any CPU
	EndGlobalSection
	GlobalSection(ProjectConfigurationPlatforms) = postSolution
		{5CC97FC9-565B-4378-808A-595A4EE0C74A}.Debug|Any CPU.ActiveCfg = Debug|Any CPU
		{5CC97FC9-565B-4378-808A-595A4EE0C74A}.Debug|Any CPU.Build.0 = Debug|Any CPU
		{5CC97FC9-565B-4378-808A-595A4EE0C74A}.Release|Any CPU.ActiveCfg = Release|Any CPU
		{5CC97FC9-565B-4378-808A-595A4EE0C74A}.Release|Any CPU.Build.0 = Release|Any CPU
	EndGlobalSection
	GlobalSection(SolutionProperties) = preSolution
		HideSolutionNode = FALSE
	EndGlobalSection
	GlobalSection(ExtensibilityGlobals) = postSolution
		SolutionGuid = {A6E263B8-CFF0-42DF-A5DC-0DA28E6C7A05}
	EndGlobalSection
EndGlobal
